
Microsoft Visual Studio Solution File, Format Version 12.00
# Visual Studio Version 17
VisualStudioVersion = 17.0.32112.339
MinimumVisualStudioVersion = 10.0.40219.1
Project("{FAE04EC0-301F-11D3-BF4B-00C04F79EFBC}") = "StringPalindrome", "StringPalindrome\StringPalindrome.csproj", "{159CC7B9-E2AB-46A4-8B28-8FA5EA23CC4E}"
EndProject
Global
	GlobalSection(SolutionConfigurationPlatforms) = preSolution
		Debug|Any CPU = Debug|Any CPU
		Release|Any CPU = Release|Any CPU
	EndGlobalSection
	GlobalSection(ProjectConfigurationPlatforms) = postSolution
		{159CC7B9-E2AB-46A4-8B28-8FA5EA23CC4E}.Debug|Any CPU.ActiveCfg = Debug|Any CPU
		{159CC7B9-E2AB-46A4-8B28-8FA5EA23CC4E}.Debug|Any CPU.Build.0 = Debug|Any CPU
		{159CC7B9-E2AB-46A4-8B28-8FA5EA23CC4E}.Release|Any CPU.ActiveCfg = Release|Any CPU
		{159CC7B9-E2AB-46A4-8B28-8FA5EA23CC4E}.Release|Any CPU.Build.0 = Release|Any CPU
	EndGlobalSection
	GlobalSection(SolutionProperties) = preSolution
		HideSolutionNode = FALSE
	EndGlobalSection
	GlobalSection(ExtensibilityGlobals) = postSolution
		SolutionGuid = {C862ACBA-E3FC-40F0-92B4-9CD7497B68D5}
	EndGlobalSection
EndGlobal
